version = 1
revision = 5
requires-python = ">=3.12"

[[package]]
name = "nexus-rpc"
version = "1.4.0"
source = { registry = "https://pypi.org/simple" }
dependencies = [
    { name = "typing-extensions" },
]
sdist = { url = "https://files.pythonhosted.org/packages/35/d5/cd1ffb202b76ebc1b33c1332a3416e55a39929006982adc2b1eb069aaa9b/nexus_rpc-1.4.0.tar.gz", hash = "sha256:3b8b373d4865671789cc43623e3dc0bcbf192562e40e13727e17f1c149050fba", size = 82367, upload-time = "2026-02-25T22:01:34.053Z" }
wheels = [
    { url = "https://files.pythonhosted.org/packages/11/52/6327a5f4fda01207205038a106a99848a41c83e933cd23ea2cab3d2ebc6c/nexus_rpc-1.4.0-py3-none-any.whl", hash = "sha256:14c953d3519113f8ccec533a9efdb6b10c28afef75d11cdd6d422640c40b3a49", size = 29645, upload-time = "2026-02-25T22:01:33.122Z" },
]

[[package]]
name = "protobuf"
version = "7.36.2"
source = { registry = "https://pypi.org/simple" }
sdist = { url = "https://files.pythonhosted.org/packages/d9/89/5b8517baa72f84a67b8a307ba953c91057af618bf40bf676f3c03551f8f0/protobuf-7.36.2.tar.gz", hash = "sha256:497d0463ff3316681da6c0b9e8d06cb465d61abce00b613ab42226175644d1bb", size = 512737, upload-time = "2026-09-17T20:07:59.326Z" }
wheels = [
    { url = "https://files.pythonhosted.org/packages/32/72/98342feb672507c8f3a69e34b4fa8961f608edba5c1a48a6f47156d92cb5/protobuf-7.36.2-cp310-abi3-macosx_10_9_universal2.whl", hash = "sha256:cbc70b17ee27e28894c7fee8bb04be1abead49e936bc70eb60052531eee2079e", size = 456039, upload-time = "2026-09-17T20:07:51.542Z" },
    { url = "https://files.pythonhosted.org/packages/b6/ea/91fdf7c2b8bbd49cde056f00a9df6773532987e1c00fe2830b895af95c7e/protobuf-7.36.2-cp310-abi3-manylinux2014_aarch64.whl", hash = "sha256:e11e1f0180583a2af89db6a2ecd9e8dc40aa6d2988ca175bfd0e6d12ea72d74e", size = 344219, upload-time = "2026-09-17T20:07:52.914Z" },
    { url = "https://files.pythonhosted.org/packages/17/ab/5fd5f8ece73fad885c5a09aa849b32d70472f954ba3a92d3bb5974ea953b/protobuf-7.36.2-cp310-abi3-manylinux2014_s390x.whl", hash = "sha256:f4fee11ec330d238b34a05c9b675f693c20415d1c5bd7d5320cc2f8a798eb9cf", size = 357223, upload-time = "2026-09-17T20:07:53.985Z" },
    { url = "https://files.pythonhosted.org/packages/db/f3/3996583dd2906297a637af12114deddf7658af6e683fedb83be061983fb5/protobuf-7.36.2-cp310-abi3-manylinux2014_x86_64.whl", hash = "sha256:89f23aa53c24553a2416fd4fd1ec06f74fa42b14b546d8883128813f775bbfd2", size = 343223, upload-time = "2026-09-17T20:07:54.931Z" },
    { url = "https://files.pythonhosted.org/packages/fc/1b/dcc64f358fcb51811b58ae40b3d28f820725f116d86487cc20bd4b130701/protobuf-7.36.2-cp310-abi3-win32.whl", hash = "sha256:912c1221170e16c08d1f086762f563dd61ff83c18b5fa6652952dfaded66f728", size = 442998, upload-time = "2026-09-17T20:07:55.826Z" },
    { url = "https://files.pythonhosted.org/packages/8a/55/b77bda4e5e5f5971fb51b07663694690e9afdb9402136c16a522bd621cad/protobuf-7.36.2-cp310-abi3-win_amd64.whl", hash = "sha256:a300819d441e078a5608c0d3c709796bb548136058fda017ae51d425b44fd353", size = 456514, upload-time = "2026-09-17T20:07:57.188Z" },
    { url = "https://files.pythonhosted.org/packages/e4/04/d52c7016b04b6c5108f26691f9d33ec82a9b65d041f1a9c771137693d618/protobuf-7.36.2-py3-none-any.whl", hash = "sha256:bdb3a345d48db958e6ce1f18e508beb0cc981d64f24088427549c866cd039f1e", size = 179806, upload-time = "2026-09-17T20:07:58.211Z" },
]

[[package]]
name = "temporal-demo"
version = "0.1.0"
source = { virtual = "." }
dependencies = [
    { name = "temporalio" },
]

[package.metadata]
requires-dist = [{ name = "temporalio", specifier = ">=1.34.0" }]

[[package]]
name = "temporalio"
version = "1.34.0"
source = { registry = "https://pypi.org/simple" }
dependencies = [
    { name = "nexus-rpc" },
    { name = "protobuf" },
    { name = "types-protobuf" },
    { name = "typing-extensions" },
]
sdist = { url = "https://files.pythonhosted.org/packages/13/85/9ece6f400552ed21951c8c5c534056e7d015cb065e3384470ec23ac24f28/temporalio-1.34.0.tar.gz", hash = "sha256:6453cb20e18df485e16578b22c82a9c4bcb1cf7eedd94147dfd373551d80f5b6", size = 3163890, upload-time = "2026-09-30T20:22:56.056Z" }
wheels = [
    { url = "https://files.pythonhosted.org/packages/3c/71/e55380e7820819357afada375d4e5c33d141bb94a08fda35aa0551b4369b/temporalio-1.34.0-cp310-abi3-macosx_10_12_x86_64.whl", hash = "sha256:87118447ad13e1062b79bfc8b44b1695e8328ac9c6be1776e426e87b501b135a", size = 14064102, upload-time = "2026-09-30T20:22:35.601Z" },
    { url = "https://files.pythonhosted.org/packages/db/78/356c8e2f0ec1678b757d4c5e8a1b0b1c65b15b8afb2335ad2944c158ea10/temporalio-1.34.0-cp310-abi3-macosx_11_0_arm64.whl", hash = "sha256:023fff9cd9dd21860061e003880dcf95250700f5afab96c030c9cb258504dab8", size = 13763219, upload-time = "2026-09-30T20:22:38.774Z" },
    { url = "https://files.pythonhosted.org/packages/e9/00/4a4b4e018c4c12b4691211aca1d97db8707ed4c9e31f40dcf09784c9913d/temporalio-1.34.0-cp310-abi3-manylinux_2_17_aarch64.manylinux2014_aarch64.whl", hash = "sha256:cdb6e2fb525ea5635afa4a3f1ae4c992c16dbe29dc92939a85153baeb69d95a2", size = 14121901, upload-time = "2026-09-30T20:22:41.428Z" },
    { url = "https://files.pythonhosted.org/packages/c1/20/b032d4a0df51d466fd929d8205e1288e83d97a890f021479f43af9bd6f9b/temporalio-1.34.0-cp310-abi3-manylinux_2_17_x86_64.manylinux2014_x86_64.whl", hash = "sha256:540761f738bdfe5cb5bd7240b659e116a0b5094b94282aef09b8d8c2d66e9c52", size = 14457183, upload-time = "2026-09-30T20:22:44.215Z" },
    { url = "https://files.pythonhosted.org/packages/b6/0d/b08ffeca93bbc29200a5bd85a45cca3c6be0a123de605ecd1798b617df4f/temporalio-1.34.0-cp310-abi3-musllinux_1_2_aarch64.whl", hash = "sha256:87647f87f42ecd45efb675642e2ec8ca34aa42359f5968f31f5391f1db5ebcbe", size = 14179836, upload-time = "2026-09-30T20:22:47.474Z" },
    { url = "https://files.pythonhosted.org/packages/81/55/acde4d1b7c9f23434e263752ef0a3ef58adeb3b95ef8472607414798dfaa/temporalio-1.34.0-cp310-abi3-musllinux_1_2_x86_64.whl", hash = "sha256:71caa4b9061628b22a457c87c3b16da40f7ac6ac1a26ece9aa1ee6b4934404d7", size = 14570248, upload-time = "2026-09-30T20:22:50.569Z" },
    { url = "https://files.pythonhosted.org/packages/cc/c5/6bdc3b02ec483093a71e9f887e8a50ae20fcc79e0578ed7435a81d4271b1/temporalio-1.34.0-cp310-abi3-win_amd64.whl", hash = "sha256:03bd86561188c18d88425178bc690fe0791104b78566dcebd98f59cbdbce0952", size = 15415684, upload-time = "2026-09-30T20:22:53.342Z" },
]

[[package]]
name = "types-protobuf"
version = "7.35.1.20260906"
source = { registry = "https://pypi.org/simple" }
sdist = { url = "https://files.pythonhosted.org/packages/e1/6c/e3e5b3e10bc328126a39637c138f9ebfd734bf14342b9f3540039b4ab995/types_protobuf-7.35.1.20260906.tar.gz", hash = "sha256:efd1a3862d4c967dad5512ef8d56b1530ac84f182c41735b94004756518c4998", size = 69895, upload-time = "2026-09-06T06:35:28.308Z" }
wheels = [
    { url = "https://files.pythonhosted.org/packages/44/4e/f63e826c68f77ef875506d72f225918800346545ee99847bc28f3394f18d/types_protobuf-7.35.1.20260906-py3-none-any.whl", hash = "sha256:5155e48569e0dabff303fdf578db96cd31ea9a4a63b18018a4ceac6b0ae17462", size = 86419, upload-time = "2026-09-06T06:35:27.247Z" },
]

[[package]]
name = "typing-extensions"
version = "4.16.0"
source = { registry = "https://pypi.org/simple" }
sdist = { url = "https://files.pythonhosted.org/packages/f6/cc/6253133b5bb138fc3306cebfbda2c520f545d36b5be2c7255cc528bb45d6/typing_extensions-4.16.0.tar.gz", hash = "sha256:dc983d19a509c94dba722ee6abd33940f7c05a89e243c47e907eb4db6f1a43e5", size = 113555, upload-time = "2026-07-02T08:40:05.92Z" }
wheels = [
    { url = "https://files.pythonhosted.org/packages/49/d3/b8441a820a491ddfc024b0b0cf0393375b75ea13866d9c66727e54c2fc80/typing_extensions-4.16.0-py3-none-any.whl", hash = "sha256:481caa481374e813c1b176ada14e97f1f67a4539ce9cfeb3f350d78d6370c2e8", size = 45571, upload-time = "2026-07-02T08:40:04.659Z" },
]
